
Microsoft Visual Studio Solution File, Format Version 12.00
# Visual Studio Version 17
VisualStudioVersion = 17.3.32929.385
MinimumVisualStudioVersion = 10.0.40219.1
Project("{FAE04EC0-301F-11D3-BF4B-00C04F79EFBC}") = "AKP_TrackManager", "AKP_TrackManager.csproj", "{1BF784DF-87CD-4144-8EAC-ACD8A5BA35B9}"
EndProject
Global
	GlobalSection(SolutionConfigurationPlatforms) = preSolution
		Debug|Any CPU = Debug|Any CPU
		Release|Any CPU = Release|Any CPU
	EndGlobalSection
	GlobalSection(ProjectConfigurationPlatforms) = postSolution
		{1BF784DF-87CD-4144-8EAC-ACD8A5BA35B9}.Debug|Any CPU.ActiveCfg = Debug|Any CPU
		{1BF784DF-87CD-4144-8EAC-ACD8A5BA35B9}.Debug|Any CPU.Build.0 = Debug|Any CPU
		{1BF784DF-87CD-4144-8EAC-ACD8A5BA35B9}.Release|Any CPU.ActiveCfg = Release|Any CPU
		{1BF784DF-87CD-4144-8EAC-ACD8A5BA35B9}.Release|Any CPU.Build.0 = Release|Any CPU
	EndGlobalSection
	GlobalSection(SolutionProperties) = preSolution
		HideSolutionNode = FALSE
	EndGlobalSection
	GlobalSection(ExtensibilityGlobals) = postSolution
		SolutionGuid = {0FCA5D92-1371-424D-9A3B-2D577CF83610}
	EndGlobalSection
EndGlobal
